// !$*UTF8*$!
{
	archiveVersion = 1;
	classes = {
	};
	objectVersion = 56;
	objects = {

/* Begin PBXBuildFile section */
		6FCA3F342BC33F1500AB0E44 /* episode_1_view_model_for_swiftuiApp.swift in Sources */ = {isa = PBXBuildFile; fileRef = 6FCA3F332BC33F1500AB0E44 /* episode_1_view_model_for_swiftuiApp.swift */; };
		6FCA3F362BC33F1500AB0E44 /* ContentView.swift in Sources */ = {isa = PBXBuildFile; fileRef = 6FCA3F352BC33F1500AB0E44 /* ContentView.swift */; };
		6FCA3F382BC33F1800AB0E44 /* Assets.xcassets in Resources */ = {isa = PBXBuildFile; fileRef = 6FCA3F372BC33F1800AB0E44 /* Assets.xcassets */; };
		6FCA3F3C2BC33F1800AB0E44 /* Preview Assets.xcassets in Resources */ = {isa = PBXBuildFile; fileRef = 6FCA3F3B2BC33F1800AB0E44 /* Preview Assets.xcassets */; };
		6FCA3F462BC33F1800AB0E44 /* episode_1_view_model_for_swiftuiTests.swift in Sources */ = {isa = PBXBuildFile; fileRef = 6FCA3F452BC33F1800AB0E44 /* episode_1_view_model_for_swiftuiTests.swift */; };
/* End PBXBuildFile section */

/* Begin PBXContainerItemProxy section */
		6FCA3F422BC33F1800AB0E44 /* PBXContainerItemProxy */ = {
			isa = PBXContainerItemProxy;
			containerPortal = 6FCA3F282BC33F1500AB0E44 /* Project object */;
			proxyType = 1;
			remoteGlobalIDString = 6FCA3F2F2BC33F1500AB0E44;
			remoteInfo = "episode-1-view-model-for-swiftui";
		};
/* End PBXContainerItemProxy section */

/* Begin PBXFileReference section */
		6FCA3F302BC33F1500AB0E44 /* episode-1-view-model-for-swiftui.app */ = {isa = PBXFileReference; explicitFileType = wrapper.application; includeInIndex = 0; path = "episode-1-view-model-for-swiftui.app"; sourceTree = BUILT_PRODUCTS_DIR; };
		6FCA3F332BC33F1500AB0E44 /* episode_1_view_model_for_swiftuiApp.swift */ = {isa = PBXFileReference; lastKnownFileType = sourcecode.swift; path = episode_1_view_model_for_swiftuiApp.swift; sourceTree = "<group>"; };
		6FCA3F352BC33F1500AB0E44 /* ContentView.swift */ = {isa = PBXFileReference; lastKnownFileType = sourcecode.swift; path = ContentView.swift; sourceTree = "<group>"; };
		6FCA3F372BC33F1800AB0E44 /* Assets.xcassets */ = {isa = PBXFileReference; lastKnownFileType = folder.assetcatalog; path = Assets.xcassets; sourceTree = "<group>"; };
		6FCA3F392BC33F1800AB0E44 /* episode_1_view_model_for_swiftui.entitlements */ = {isa = PBXFileReference; lastKnownFileType = text.plist.entitlements; path = episode_1_view_model_for_swiftui.entitlements; sourceTree = "<group>"; };
		6FCA3F3B2BC33F1800AB0E44 /* Preview Assets.xcassets */ = {isa = PBXFileReference; lastKnownFileType = folder.assetcatalog; path = "Preview Assets.xcassets"; sourceTree = "<group>"; };
		6FCA3F412BC33F1800AB0E44 /* episode-1-view-model-for-swiftuiTests.xctest */ = {isa = PBXFileReference; explicitFileType = wrapper.cfbundle; includeInIndex = 0; path = "episode-1-view-model-for-swiftuiTests.xctest"; sourceTree = BUILT_PRODUCTS_DIR; };
		6FCA3F452BC33F1800AB0E44 /* episode_1_view_model_for_swiftuiTests.swift */ = {isa = PBXFileReference; lastKnownFileType = sourcecode.swift; path = episode_1_view_model_for_swiftuiTests.swift; sourceTree = "<group>"; };
/* End PBXFileReference section */

/* Begin PBXFrameworksBuildPhase section */
		6FCA3F2D2BC33F1500AB0E44 /* Frameworks */ = {
			isa = PBXFrameworksBuildPhase;
			buildActionMask = 2147483647;
			files = (
			);
			runOnlyForDeploymentPostprocessing = 0;
		};
		6FCA3F3E2BC33F1800AB0E44 /* Frameworks */ = {
			isa = PBXFrameworksBuildPhase;
			buildActionMask = 2147483647;
			files = (
			);
			runOnlyForDeploymentPostprocessing = 0;
		};
/* End PBXFrameworksBuildPhase section */

/* Begin PBXGroup section */
		6FCA3F272BC33F1500AB0E44 = {
			isa = PBXGroup;
			children = (
				6FCA3F322BC33F1500AB0E44 /* episode-1-view-model-for-swiftui */,
				6FCA3F442BC33F1800AB0E44 /* episode-1-view-model-for-swiftuiTests */,
				6FCA3F312BC33F1500AB0E44 /* Products */,
			);
			sourceTree = "<group>";
		};
		6FCA3F312BC33F1500AB0E44 /* Products */ = {
			isa = PBXGroup;
			children = (
				6FCA3F302BC33F1500AB0E44 /* episode-1-view-model-for-swiftui.app */,
				6FCA3F412BC33F1800AB0E44 /* episode-1-view-model-for-swiftuiTests.xctest */,
			);
			name = Products;
			sourceTree = "<group>";
		};
		6FCA3F322BC33F1500AB0E44 /* episode-1-view-model-for-swiftui */ = {
			isa = PBXGroup;
			children = (
				6FCA3F332BC33F1500AB0E44 /* episode_1_view_model_for_swiftuiApp.swift */,
				6FCA3F352BC33F1500AB0E44 /* ContentView.swift */,
				6FCA3F372BC33F1800AB0E44 /* Assets.xcassets */,
				6FCA3F392BC33F1800AB0E44 /* episode_1_view_model_for_swiftui.entitlements */,
				6FCA3F3A2BC33F1800AB0E44 /* Preview Content */,
			);
			path = "episode-1-view-model-for-swiftui";
			sourceTree = "<group>";
		};
		6FCA3F3A2BC33F1800AB0E44 /* Preview Content */ = {
			isa = PBXGroup;
			children = (
				6FCA3F3B2BC33F1800AB0E44 /* Preview Assets.xcassets */,
			);
			path = "Preview Content";
			sourceTree = "<group>";
		};
		6FCA3F442BC33F1800AB0E44 /* episode-1-view-model-for-swiftuiTests */ = {
			isa = PBXGroup;
			children = (
				6FCA3F452BC33F1800AB0E44 /* episode_1_view_model_for_swiftuiTests.swift */,
			);
			path = "episode-1-view-model-for-swiftuiTests";
			sourceTree = "<group>";
		};
/* End PBXGroup section */

/* Begin PBXNativeTarget section */
		6FCA3F2F2BC33F1500AB0E44 /* episode-1-view-model-for-swiftui */ = {
			isa = PBXNativeTarget;
			buildConfigurationList = 6FCA3F552BC33F1800AB0E44 /* Build configuration list for PBXNativeTarget "episode-1-view-model-for-swiftui" */;
			buildPhases = (
				6FCA3F2C2BC33F1500AB0E44 /* Sources */,
				6FCA3F2D2BC33F1500AB0E44 /* Frameworks */,
				6FCA3F2E2BC33F1500AB0E44 /* Resources */,
			);
			buildRules = (
			);
			dependencies = (
			);
			name = "episode-1-view-model-for-swiftui";
			productName = "episode-1-view-model-for-swiftui";
			productReference = 6FCA3F302BC33F1500AB0E44 /* episode-1-view-model-for-swiftui.app */;
			productType = "com.apple.product-type.application";
		};
		6FCA3F402BC33F1800AB0E44 /* episode-1-view-model-for-swiftuiTests */ = {
			isa = PBXNativeTarget;
			buildConfigurationList = 6FCA3F582BC33F1800AB0E44 /* Build configuration list for PBXNativeTarget "episode-1-view-model-for-swiftuiTests" */;
			buildPhases = (
				6FCA3F3D2BC33F1800AB0E44 /* Sources */,
				6FCA3F3E2BC33F1800AB0E44 /* Frameworks */,
				6FCA3F3F2BC33F1800AB0E44 /* Resources */,
			);
			buildRules = (
			);
			dependencies = (
				6FCA3F432BC33F1800AB0E44 /* PBXTargetDependency */,
			);
			name = "episode-1-view-model-for-swiftuiTests";
			productName = "episode-1-view-model-for-swiftuiTests";
			productReference = 6FCA3F412BC33F1800AB0E44 /* episode-1-view-model-for-swiftuiTests.xctest */;
			productType = "com.apple.product-type.bundle.unit-test";
		};
/* End PBXNativeTarget section */

/* Begin PBXProject section */
		6FCA3F282BC33F1500AB0E44 /* Project object */ = {
			isa = PBXProject;
			attributes = {
				BuildIndependentTargetsInParallel = 1;
				LastSwiftUpdateCheck = 1530;
				LastUpgradeCheck = 1530;
				TargetAttributes = {
					6FCA3F2F2BC33F1500AB0E44 = {
						CreatedOnToolsVersion = 15.3;
					};
					6FCA3F402BC33F1800AB0E44 = {
						CreatedOnToolsVersion = 15.3;
						TestTargetID = 6FCA3F2F2BC33F1500AB0E44;
					};
				};
			};
			buildConfigurationList = 6FCA3F2B2BC33F1500AB0E44 /* Build configuration list for PBXProject "episode-1-view-model-for-swiftui" */;
			compatibilityVersion = "Xcode 14.0";
			developmentRegion = en;
			hasScannedForEncodings = 0;
			knownRegions = (
				en,
				Base,
			);
			mainGroup = 6FCA3F272BC33F1500AB0E44;
			productRefGroup = 6FCA3F312BC33F1500AB0E44 /* Products */;
			projectDirPath = "";
			projectRoot = "";
			targets = (
				6FCA3F2F2BC33F1500AB0E44 /* episode-1-view-model-for-swiftui */,
				6FCA3F402BC33F1800AB0E44 /* episode-1-view-model-for-swiftuiTests */,
			);
		};
/* End PBXProject section */

/* Begin PBXResourcesBuildPhase section */
		6FCA3F2E2BC33F1500AB0E44 /* Resources */ = {
			isa = PBXResourcesBuildPhase;
			buildActionMask = 2147483647;
			files = (
				6FCA3F3C2BC33F1800AB0E44 /* Preview Assets.xcassets in Resources */,
				6FCA3F382BC33F1800AB0E44 /* Assets.xcassets in Resources */,
			);
			runOnlyForDeploymentPostprocessing = 0;
		};
		6FCA3F3F2BC33F1800AB0E44 /* Resources */ = {
			isa = PBXResourcesBuildPhase;
			buildActionMask = 2147483647;
			files = (
			);
			runOnlyForDeploymentPostprocessing = 0;
		};
/* End PBXResourcesBuildPhase section */

/* Begin PBXSourcesBuildPhase section */
		6FCA3F2C2BC33F1500AB0E44 /* Sources */ = {
			isa = PBXSourcesBuildPhase;
			buildActionMask = 2147483647;
			files = (
				6FCA3F362BC33F1500AB0E44 /* ContentView.swift in Sources */,
				6FCA3F342BC33F1500AB0E44 /* episode_1_view_model_for_swiftuiApp.swift in Sources */,
			);
			runOnlyForDeploymentPostprocessing = 0;
		};
		6FCA3F3D2BC33F1800AB0E44 /* Sources */ = {
			isa = PBXSourcesBuildPhase;
			buildActionMask = 2147483647;
			files = (
				6FCA3F462BC33F1800AB0E44 /* episode_1_view_model_for_swiftuiTests.swift in Sources */,
			);
			runOnlyForDeploymentPostprocessing = 0;
		};
/* End PBXSourcesBuildPhase section */

/* Begin PBXTargetDependency section */
		6FCA3F432BC33F1800AB0E44 /* PBXTargetDependency */ = {
			isa = PBXTargetDependency;
			target = 6FCA3F2F2BC33F1500AB0E44 /* episode-1-view-model-for-swiftui */;
			targetProxy = 6FCA3F422BC33F1800AB0E44 /* PBXContainerItemProxy */;
		};
/* End PBXTargetDependency section */

/* Begin XCBuildConfiguration section */
		6FCA3F532BC33F1800AB0E44 /* Debug */ = {
			isa = XCBuildConfiguration;
			buildSettings = {
				ALWAYS_SEARCH_USER_PATHS = NO;
				ASSETCATALOG_COMPILER_GENERATE_SWIFT_ASSET_SYMBOL_EXTENSIONS = YES;
				CLANG_ANALYZER_NONNULL = YES;
				CLANG_ANALYZER_NUMBER_OBJECT_CONVERSION = YES_AGGRESSIVE;
				CLANG_CXX_LANGUAGE_STANDARD = "gnu++20";
				CLANG_ENABLE_MODULES = YES;
				CLANG_ENABLE_OBJC_ARC = YES;
				CLANG_ENABLE_OBJC_WEAK = YES;
				CLANG_WARN_BLOCK_CAPTURE_AUTORELEASING = YES;
				CLANG_WARN_BOOL_CONVERSION = YES;
				CLANG_WARN_COMMA = YES;
				CLANG_WARN_CONSTANT_CONVERSION = YES;
				CLANG_WARN_DEPRECATED_OBJC_IMPLEMENTATIONS = YES;
				CLANG_WARN_DIRECT_OBJC_ISA_USAGE = YES_ERROR;
				CLANG_WARN_DOCUMENTATION_COMMENTS = YES;
				CLANG_WARN_EMPTY_BODY = YES;
				CLANG_WARN_ENUM_CONVERSION = YES;
				CLANG_WARN_INFINITE_RECURSION = YES;
				CLANG_WARN_INT_CONVERSION = YES;
				CLANG_WARN_NON_LITERAL_NULL_CONVERSION = YES;
				CLANG_WARN_OBJC_IMPLICIT_RETAIN_SELF = YES;
				CLANG_WARN_OBJC_LITERAL_CONVERSION = YES;
				CLANG_WARN_OBJC_ROOT_CLASS = YES_ERROR;
				CLANG_WARN_QUOTED_INCLUDE_IN_FRAMEWORK_HEADER = YES;
				CLANG_WARN_RANGE_LOOP_ANALYSIS = YES;
				CLANG_WARN_STRICT_PROTOTYPES = YES;
				CLANG_WARN_SUSPICIOUS_MOVE = YES;
				CLANG_WARN_UNGUARDED_AVAILABILITY = YES_AGGRESSIVE;
				CLANG_WARN_UNREACHABLE_CODE = YES;
				CLANG_WARN__DUPLICATE_METHOD_MATCH = YES;
				COPY_PHASE_STRIP = NO;
				DEBUG_INFORMATION_FORMAT = dwarf;
				ENABLE_STRICT_OBJC_MSGSEND = YES;
				ENABLE_TESTABILITY = YES;
				ENABLE_USER_SCRIPT_SANDBOXING = YES;
				GCC_C_LANGUAGE_STANDARD = gnu17;
				GCC_DYNAMIC_NO_PIC = NO;
				GCC_NO_COMMON_BLOCKS = YES;
				GCC_OPTIMIZATION_LEVEL = 0;
				GCC_PREPROCESSOR_DEFINITIONS = (
					"DEBUG=1",
					"$(inherited)",
				);
				GCC_WARN_64_TO_32_BIT_CONVERSION = YES;
				GCC_WARN_ABOUT_RETURN_TYPE = YES_ERROR;
				GCC_WARN_UNDECLARED_SELECTOR = YES;
				GCC_WARN_UNINITIALIZED_AUTOS = YES_AGGRESSIVE;
				GCC_WARN_UNUSED_FUNCTION = YES;
				GCC_WARN_UNUSED_VARIABLE = YES;
				LOCALIZATION_PREFERS_STRING_CATALOGS = YES;
				MTL_ENABLE_DEBUG_INFO = INCLUDE_SOURCE;
				MTL_FAST_MATH = YES;
				ONLY_ACTIVE_ARCH = YES;
				SWIFT_ACTIVE_COMPILATION_CONDITIONS = "DEBUG $(inherited)";
				SWIFT_OPTIMIZATION_LEVEL = "-Onone";
			};
			name = Debug;
		};
		6FCA3F542BC33F1800AB0E44 /* Release */ = {
			isa = XCBuildConfiguration;
			buildSettings = {
				ALWAYS_SEARCH_USER_PATHS = NO;
				ASSETCATALOG_COMPILER_GENERATE_SWIFT_ASSET_SYMBOL_EXTENSIONS = YES;
				CLANG_ANALYZER_NONNULL = YES;
				CLANG_ANALYZER_NUMBER_OBJECT_CONVERSION = YES_AGGRESSIVE;
				CLANG_CXX_LANGUAGE_STANDARD = "gnu++20";
				CLANG_ENABLE_MODULES = YES;
				CLANG_ENABLE_OBJC_ARC = YES;
				CLANG_ENABLE_OBJC_WEAK = YES;
				CLANG_WARN_BLOCK_CAPTURE_AUTORELEASING = YES;
				CLANG_WARN_BOOL_CONVERSION = YES;
				CLANG_WARN_COMMA = YES;
				CLANG_WARN_CONSTANT_CONVERSION = YES;
				CLANG_WARN_DEPRECATED_OBJC_IMPLEMENTATIONS = YES;
				CLANG_WARN_DIRECT_OBJC_ISA_USAGE = YES_ERROR;
				CLANG_WARN_DOCUMENTATION_COMMENTS = YES;
				CLANG_WARN_EMPTY_BODY = YES;
				CLANG_WARN_ENUM_CONVERSION = YES;
				CLANG_WARN_INFINITE_RECURSION = YES;
				CLANG_WARN_INT_CONVERSION = YES;
				CLANG_WARN_NON_LITERAL_NULL_CONVERSION = YES;
				CLANG_WARN_OBJC_IMPLICIT_RETAIN_SELF = YES;
				CLANG_WARN_OBJC_LITERAL_CONVERSION = YES;
				CLANG_WARN_OBJC_ROOT_CLASS = YES_ERROR;
				CLANG_WARN_QUOTED_INCLUDE_IN_FRAMEWORK_HEADER = YES;
				CLANG_WARN_RANGE_LOOP_ANALYSIS = YES;
				CLANG_WARN_STRICT_PROTOTYPES = YES;
				CLANG_WARN_SUSPICIOUS_MOVE = YES;
				CLANG_WARN_UNGUARDED_AVAILABILITY = YES_AGGRESSIVE;
				CLANG_WARN_UNREACHABLE_CODE = YES;
				CLANG_WARN__DUPLICATE_METHOD_MATCH = YES;
				COPY_PHASE_STRIP = NO;
				DEBUG_INFORMATION_FORMAT = "dwarf-with-dsym";
				ENABLE_NS_ASSERTIONS = NO;
				ENABLE_STRICT_OBJC_MSGSEND = YES;
				ENABLE_USER_SCRIPT_SANDBOXING = YES;
				GCC_C_LANGUAGE_STANDARD = gnu17;
				GCC_NO_COMMON_BLOCKS = YES;
				GCC_WARN_64_TO_32_BIT_CONVERSION = YES;
				GCC_WARN_ABOUT_RETURN_TYPE = YES_ERROR;
				GCC_WARN_UNDECLARED_SELECTOR = YES;
				GCC_WARN_UNINITIALIZED_AUTOS = YES_AGGRESSIVE;
				GCC_WARN_UNUSED_FUNCTION = YES;
				GCC_WARN_UNUSED_VARIABLE = YES;
				LOCALIZATION_PREFERS_STRING_CATALOGS = YES;
				MTL_ENABLE_DEBUG_INFO = NO;
				MTL_FAST_MATH = YES;
				SWIFT_COMPILATION_MODE = wholemodule;
			};
			name = Release;
		};
		6FCA3F562BC33F1800AB0E44 /* Debug */ = {
			isa = XCBuildConfiguration;
			buildSettings = {
				ASSETCATALOG_COMPILER_APPICON_NAME = AppIcon;
				ASSETCATALOG_COMPILER_GLOBAL_ACCENT_COLOR_NAME = AccentColor;
				CODE_SIGN_ENTITLEMENTS = "episode-1-view-model-for-swiftui/episode_1_view_model_for_swiftui.entitlements";
				CODE_SIGN_STYLE = Automatic;
				CURRENT_PROJECT_VERSION = 1;
				DEVELOPMENT_ASSET_PATHS = "\"episode-1-view-model-for-swiftui/Preview Content\"";
				DEVELOPMENT_TEAM = 58DC92SP2K;
				ENABLE_HARDENED_RUNTIME = YES;
				ENABLE_PREVIEWS = YES;
				GENERATE_INFOPLIST_FILE = YES;
				"INFOPLIST_KEY_UIApplicationSceneManifest_Generation[sdk=iphoneos*]" = YES;
				"INFOPLIST_KEY_UIApplicationSceneManifest_Generation[sdk=iphonesimulator*]" = YES;
				"INFOPLIST_KEY_UIApplicationSupportsIndirectInputEvents[sdk=iphoneos*]" = YES;
				"INFOPLIST_KEY_UIApplicationSupportsIndirectInputEvents[sdk=iphonesimulator*]" = YES;
				"INFOPLIST_KEY_UILaunchScreen_Generation[sdk=iphoneos*]" = YES;
				"INFOPLIST_KEY_UILaunchScreen_Generation[sdk=iphonesimulator*]" = YES;
				"INFOPLIST_KEY_UIStatusBarStyle[sdk=iphoneos*]" = UIStatusBarStyleDefault;
				"INFOPLIST_KEY_UIStatusBarStyle[sdk=iphonesimulator*]" = UIStatusBarStyleDefault;
				INFOPLIST_KEY_UISupportedInterfaceOrientations_iPad = "UIInterfaceOrientationPortrait UIInterfaceOrientationPortraitUpsideDown UIInterfaceOrientationLandscapeLeft UIInterfaceOrientationLandscapeRight";
				INFOPLIST_KEY_UISupportedInterfaceOrientations_iPhone = "UIInterfaceOrientationPortrait UIInterfaceOrientationLandscapeLeft UIInterfaceOrientationLandscapeRight";
				IPHONEOS_DEPLOYMENT_TARGET = 17.4;
				LD_RUNPATH_SEARCH_PATHS = "@executable_path/Frameworks";
				"LD_RUNPATH_SEARCH_PATHS[sdk=macosx*]" = "@executable_path/../Frameworks";
				MACOSX_DEPLOYMENT_TARGET = 14.4;
				MARKETING_VERSION = 1.0;
				PRODUCT_BUNDLE_IDENTIFIER = "com.navyblueswift.episode-1-view-model-for-swiftui";
				PRODUCT_NAME = "$(TARGET_NAME)";
				SDKROOT = auto;
				SUPPORTED_PLATFORMS = "iphoneos iphonesimulator macosx";
				SWIFT_EMIT_LOC_STRINGS = YES;
				SWIFT_VERSION = 5.0;
				TARGETED_DEVICE_FAMILY = "1,2";
			};
			name = Debug;
		};
		6FCA3F572BC33F1800AB0E44 /* Release */ = {
			isa = XCBuildConfiguration;
			buildSettings = {
				ASSETCATALOG_COMPILER_APPICON_NAME = AppIcon;
				ASSETCATALOG_COMPILER_GLOBAL_ACCENT_COLOR_NAME = AccentColor;
				CODE_SIGN_ENTITLEMENTS = "episode-1-view-model-for-swiftui/episode_1_view_model_for_swiftui.entitlements";
				CODE_SIGN_STYLE = Automatic;
				CURRENT_PROJECT_VERSION = 1;
				DEVELOPMENT_ASSET_PATHS = "\"episode-1-view-model-for-swiftui/Preview Content\"";
				DEVELOPMENT_TEAM = 58DC92SP2K;
				ENABLE_HARDENED_RUNTIME = YES;
				ENABLE_PREVIEWS = YES;
				GENERATE_INFOPLIST_FILE = YES;
				"INFOPLIST_KEY_UIApplicationSceneManifest_Generation[sdk=iphoneos*]" = YES;
				"INFOPLIST_KEY_UIApplicationSceneManifest_Generation[sdk=iphonesimulator*]" = YES;
				"INFOPLIST_KEY_UIApplicationSupportsIndirectInputEvents[sdk=iphoneos*]" = YES;
				"INFOPLIST_KEY_UIApplicationSupportsIndirectInputEvents[sdk=iphonesimulator*]" = YES;
				"INFOPLIST_KEY_UILaunchScreen_Generation[sdk=iphoneos*]" = YES;
				"INFOPLIST_KEY_UILaunchScreen_Generation[sdk=iphonesimulator*]" = YES;
				"INFOPLIST_KEY_UIStatusBarStyle[sdk=iphoneos*]" = UIStatusBarStyleDefault;
				"INFOPLIST_KEY_UIStatusBarStyle[sdk=iphonesimulator*]" = UIStatusBarStyleDefault;
				INFOPLIST_KEY_UISupportedInterfaceOrientations_iPad = "UIInterfaceOrientationPortrait UIInterfaceOrientationPortraitUpsideDown UIInterfaceOrientationLandscapeLeft UIInterfaceOrientationLandscapeRight";
				INFOPLIST_KEY_UISupportedInterfaceOrientations_iPhone = "UIInterfaceOrientationPortrait UIInterfaceOrientationLandscapeLeft UIInterfaceOrientationLandscapeRight";
				IPHONEOS_DEPLOYMENT_TARGET = 17.4;
				LD_RUNPATH_SEARCH_PATHS = "@executable_path/Frameworks";
				"LD_RUNPATH_SEARCH_PATHS[sdk=macosx*]" = "@executable_path/../Frameworks";
				MACOSX_DEPLOYMENT_TARGET = 14.4;
				MARKETING_VERSION = 1.0;
				PRODUCT_BUNDLE_IDENTIFIER = "com.navyblueswift.episode-1-view-model-for-swiftui";
				PRODUCT_NAME = "$(TARGET_NAME)";
				SDKROOT = auto;
				SUPPORTED_PLATFORMS = "iphoneos iphonesimulator macosx";
				SWIFT_EMIT_LOC_STRINGS = YES;
				SWIFT_VERSION = 5.0;
				TARGETED_DEVICE_FAMILY = "1,2";
			};
			name = Release;
		};
		6FCA3F592BC33F1800AB0E44 /* Debug */ = {
			isa = XCBuildConfiguration;
			buildSettings = {
				ALWAYS_EMBED_SWIFT_STANDARD_LIBRARIES = YES;
				BUNDLE_LOADER = "$(TEST_HOST)";
				CODE_SIGN_STYLE = Automatic;
				CURRENT_PROJECT_VERSION = 1;
				DEVELOPMENT_TEAM = 58DC92SP2K;
				GENERATE_INFOPLIST_FILE = YES;
				IPHONEOS_DEPLOYMENT_TARGET = 17.4;
				MACOSX_DEPLOYMENT_TARGET = 14.4;
				MARKETING_VERSION = 1.0;
				PRODUCT_BUNDLE_IDENTIFIER = "com.navyblueswift.episode-1-view-model-for-swiftuiTests";
				PRODUCT_NAME = "$(TARGET_NAME)";
				SDKROOT = auto;
				SUPPORTED_PLATFORMS = "iphoneos iphonesimulator macosx";
				SWIFT_EMIT_LOC_STRINGS = NO;
				SWIFT_VERSION = 5.0;
				TARGETED_DEVICE_FAMILY = "1,2";
				TEST_HOST = "$(BUILT_PRODUCTS_DIR)/episode-1-view-model-for-swiftui.app/$(BUNDLE_EXECUTABLE_FOLDER_PATH)/episode-1-view-model-for-swiftui";
			};
			name = Debug;
		};
		6FCA3F5A2BC33F1800AB0E44 /* Release */ = {
			isa = XCBuildConfiguration;
			buildSettings = {
				ALWAYS_EMBED_SWIFT_STANDARD_LIBRARIES = YES;
				BUNDLE_LOADER = "$(TEST_HOST)";
				CODE_SIGN_STYLE = Automatic;
				CURRENT_PROJECT_VERSION = 1;
				DEVELOPMENT_TEAM = 58DC92SP2K;
				GENERATE_INFOPLIST_FILE = YES;
				IPHONEOS_DEPLOYMENT_TARGET = 17.4;
				MACOSX_DEPLOYMENT_TARGET = 14.4;
				MARKETING_VERSION = 1.0;
				PRODUCT_BUNDLE_IDENTIFIER = "com.navyblueswift.episode-1-view-model-for-swiftuiTests";
				PRODUCT_NAME = "$(TARGET_NAME)";
				SDKROOT = auto;
				SUPPORTED_PLATFORMS = "iphoneos iphonesimulator macosx";
				SWIFT_EMIT_LOC_STRINGS = NO;
				SWIFT_VERSION = 5.0;
				TARGETED_DEVICE_FAMILY = "1,2";
				TEST_HOST = "$(BUILT_PRODUCTS_DIR)/episode-1-view-model-for-swiftui.app/$(BUNDLE_EXECUTABLE_FOLDER_PATH)/episode-1-view-model-for-swiftui";
			};
			name = Release;
		};
/* End XCBuildConfiguration section */

/* Begin XCConfigurationList section */
		6FCA3F2B2BC33F1500AB0E44 /* Build configuration list for PBXProject "episode-1-view-model-for-swiftui" */ = {
			isa = XCConfigurationList;
			buildConfigurations = (
				6FCA3F532BC33F1800AB0E44 /* Debug */,
				6FCA3F542BC33F1800AB0E44 /* Release */,
			);
			defaultConfigurationIsVisible = 0;
			defaultConfigurationName = Release;
		};
		6FCA3F552BC33F1800AB0E44 /* Build configuration list for PBXNativeTarget "episode-1-view-model-for-swiftui" */ = {
			isa = XCConfigurationList;
			buildConfigurations = (
				6FCA3F562BC33F1800AB0E44 /* Debug */,
				6FCA3F572BC33F1800AB0E44 /* Release */,
			);
			defaultConfigurationIsVisible = 0;
			defaultConfigurationName = Release;
		};
		6FCA3F582BC33F1800AB0E44 /* Build configuration list for PBXNativeTarget "episode-1-view-model-for-swiftuiTests" */ = {
			isa = XCConfigurationList;
			buildConfigurations = (
				6FCA3F592BC33F1800AB0E44 /* Debug */,
				6FCA3F5A2BC33F1800AB0E44 /* Release */,
			);
			defaultConfigurationIsVisible = 0;
			defaultConfigurationName = Release;
		};
/* End XCConfigurationList section */
	};
	rootObject = 6FCA3F282BC33F1500AB0E44 /* Project object */;
}
